
Microsoft Visual Studio Solution File, Format Version 12.00
# Visual Studio Version 17
VisualStudioVersion = 17.11.35327.3
MinimumVisualStudioVersion = 10.0.40219.1
Project("{FAE04EC0-301F-11D3-BF4B-00C04F79EFBC}") = "StudentManagementAPI", "StudentManagementAPI.csproj", "{3B0459A0-4D2A-490E-B837-6CF86CF644A0}"
EndProject
Global
	GlobalSection(SolutionConfigurationPlatforms) = preSolution
		Debug|Any CPU = Debug|Any CPU
		Release|Any CPU = Release|Any CPU
	EndGlobalSection
	GlobalSection(ProjectConfigurationPlatforms) = postSolution
		{3B0459A0-4D2A-490E-B837-6CF86CF644A0}.Debug|Any CPU.ActiveCfg = Debug|Any CPU
		{3B0459A0-4D2A-490E-B837-6CF86CF644A0}.Debug|Any CPU.Build.0 = Debug|Any CPU
		{3B0459A0-4D2A-490E-B837-6CF86CF644A0}.Release|Any CPU.ActiveCfg = Release|Any CPU
		{3B0459A0-4D2A-490E-B837-6CF86CF644A0}.Release|Any CPU.Build.0 = Release|Any CPU
	EndGlobalSection
	GlobalSection(SolutionProperties) = preSolution
		HideSolutionNode = FALSE
	EndGlobalSection
	GlobalSection(ExtensibilityGlobals) = postSolution
		SolutionGuid = {C5E091E0-258E-46A6-BEA4-A97D4E9B5A50}
	EndGlobalSection
EndGlobal
